// !$*UTF8*$!
{
	archiveVersion = 1;
	classes = {
	};
	objectVersion = 46;
	objects = {

/* Begin PBXBuildFile section */
		4C11CC6F1987E6E700AE814D /* Media.xcassets in Resources */ = {isa = PBXBuildFile; fileRef = 4C11CC6E1987E6E700AE814D /* Media.xcassets */; };
		4CA34E451982ECDF007C3CEA /* Main.storyboard in Resources */ = {isa = PBXBuildFile; fileRef = 4CA34E441982ECDF007C3CEA /* Main.storyboard */; };
		4CCBFDC4197FF1B700042731 /* Foundation.framework in Frameworks */ = {isa = PBXBuildFile; fileRef = 4CCBFDC3197FF1B700042731 /* Foundation.framework */; };
		4CCBFDC6197FF1B700042731 /* CoreGraphics.framework in Frameworks */ = {isa = PBXBuildFile; fileRef = 4CCBFDC5197FF1B700042731 /* CoreGraphics.framework */; };
		4CCBFDC8197FF1B700042731 /* UIKit.framework in Frameworks */ = {isa = PBXBuildFile; fileRef = 4CCBFDC7197FF1B700042731 /* UIKit.framework */; };
		4CCBFDCE197FF1B700042731 /* InfoPlist.strings in Resources */ = {isa = PBXBuildFile; fileRef = 4CCBFDCC197FF1B700042731 /* InfoPlist.strings */; };
		4CCBFDD0197FF1B700042731 /* main.m in Sources */ = {isa = PBXBuildFile; fileRef = 4CCBFDCF197FF1B700042731 /* main.m */; };
		4CCBFDD4197FF1B700042731 /* AppDelegate.m in Sources */ = {isa = PBXBuildFile; fileRef = 4CCBFDD3197FF1B700042731 /* AppDelegate.m */; };
		4CCBFDDD197FF1B800042731 /* XCTest.framework in Frameworks */ = {isa = PBXBuildFile; fileRef = 4CCBFDDC197FF1B800042731 /* XCTest.framework */; };
		4CCBFDDE197FF1B800042731 /* Foundation.framework in Frameworks */ = {isa = PBXBuildFile; fileRef = 4CCBFDC3197FF1B700042731 /* Foundation.framework */; };
		4CCBFDDF197FF1B800042731 /* UIKit.framework in Frameworks */ = {isa = PBXBuildFile; fileRef = 4CCBFDC7197FF1B700042731 /* UIKit.framework */; };
		4CCBFDE7197FF1B800042731 /* InfoPlist.strings in Resources */ = {isa = PBXBuildFile; fileRef = 4CCBFDE5197FF1B800042731 /* InfoPlist.strings */; };
		4CCBFDE9197FF1B800042731 /* TaskTrackerTests.m in Sources */ = {isa = PBXBuildFile; fileRef = 4CCBFDE8197FF1B800042731 /* TaskTrackerTests.m */; };
		96326587198896EB00828ACC /* XYZWebViewController.m in Sources */ = {isa = PBXBuildFile; fileRef = 96326586198896EB00828ACC /* XYZWebViewController.m */; };
		96FE7EDB1988672300BA4D91 /* XYZSignUpControllerViewController.m in Sources */ = {isa = PBXBuildFile; fileRef = 96FE7EDA1988672300BA4D91 /* XYZSignUpControllerViewController.m */; };
		96FE7EDE1988683D00BA4D91 /* XYZLoginViewController.m in Sources */ = {isa = PBXBuildFile; fileRef = 96FE7EDD1988683D00BA4D91 /* XYZLoginViewController.m */; };
/* End PBXBuildFile section */

/* Begin PBXContainerItemProxy section */
		4CCBFDE0197FF1B800042731 /* PBXContainerItemProxy */ = {
			isa = PBXContainerItemProxy;
			containerPortal = 4CCBFDB8197FF1B700042731 /* Project object */;
			proxyType = 1;
			remoteGlobalIDString = 4CCBFDBF197FF1B700042731;
			remoteInfo = TaskTracker;
		};
/* End PBXContainerItemProxy section */

/* Begin PBXFileReference section */
		4C11CC6E1987E6E700AE814D /* Media.xcassets */ = {isa = PBXFileReference; lastKnownFileType = folder.assetcatalog; path = Media.xcassets; sourceTree = "<group>"; };
		4CA34E441982ECDF007C3CEA /* Main.storyboard */ = {isa = PBXFileReference; fileEncoding = 4; lastKnownFileType = file.storyboard; name = Main.storyboard; path = ../Main.storyboard; sourceTree = "<group>"; };
		4CCBFDC0197FF1B700042731 /* TaskTracker.app */ = {isa = PBXFileReference; explicitFileType = wrapper.application; includeInIndex = 0; path = TaskTracker.app; sourceTree = BUILT_PRODUCTS_DIR; };
		4CCBFDC3197FF1B700042731 /* Foundation.framework */ = {isa = PBXFileReference; lastKnownFileType = wrapper.framework; name = Foundation.framework; path = System/Library/Frameworks/Foundation.framework; sourceTree = SDKROOT; };
		4CCBFDC5197FF1B700042731 /* CoreGraphics.framework */ = {isa = PBXFileReference; lastKnownFileType = wrapper.framework; name = CoreGraphics.framework; path = System/Library/Frameworks/CoreGraphics.framework; sourceTree = SDKROOT; };
		4CCBFDC7197FF1B700042731 /* UIKit.framework */ = {isa = PBXFileReference; lastKnownFileType = wrapper.framework; name = UIKit.framework; path = System/Library/Frameworks/UIKit.framework; sourceTree = SDKROOT; };
		4CCBFDCB197FF1B700042731 /* TaskTracker-Info.plist */ = {isa = PBXFileReference; lastKnownFileType = text.plist.xml; path = "TaskTracker-Info.plist"; sourceTree = "<group>"; };
		4CCBFDCD197FF1B700042731 /* en */ = {isa = PBXFileReference; lastKnownFileType = text.plist.strings; name = en; path = en.lproj/InfoPlist.strings; sourceTree = "<group>"; };
		4CCBFDCF197FF1B700042731 /* main.m */ = {isa = PBXFileReference; lastKnownFileType = sourcecode.c.objc; path = main.m; sourceTree = "<group>"; };
		4CCBFDD1197FF1B700042731 /* TaskTracker-Prefix.pch */ = {isa = PBXFileReference; lastKnownFileType = sourcecode.c.h; path = "TaskTracker-Prefix.pch"; sourceTree = "<group>"; };
		4CCBFDD2197FF1B700042731 /* AppDelegate.h */ = {isa = PBXFileReference; lastKnownFileType = sourcecode.c.h; path = AppDelegate.h; sourceTree = "<group>"; };
		4CCBFDD3197FF1B700042731 /* AppDelegate.m */ = {isa = PBXFileReference; lastKnownFileType = sourcecode.c.objc; path = AppDelegate.m; sourceTree = "<group>"; };
		4CCBFDDB197FF1B800042731 /* TaskTrackerTests.xctest */ = {isa = PBXFileReference; explicitFileType = wrapper.cfbundle; includeInIndex = 0; path = TaskTrackerTests.xctest; sourceTree = BUILT_PRODUCTS_DIR; };
		4CCBFDDC197FF1B800042731 /* XCTest.framework */ = {isa = PBXFileReference; lastKnownFileType = wrapper.framework; name = XCTest.framework; path = Library/Frameworks/XCTest.framework; sourceTree = DEVELOPER_DIR; };
		4CCBFDE4197FF1B800042731 /* TaskTrackerTests-Info.plist */ = {isa = PBXFileReference; lastKnownFileType = text.plist.xml; path = "TaskTrackerTests-Info.plist"; sourceTree = "<group>"; };
		4CCBFDE6197FF1B800042731 /* en */ = {isa = PBXFileReference; lastKnownFileType = text.plist.strings; name = en; path = en.lproj/InfoPlist.strings; sourceTree = "<group>"; };
		4CCBFDE8197FF1B800042731 /* TaskTrackerTests.m */ = {isa = PBXFileReference; lastKnownFileType = sourcecode.c.objc; path = TaskTrackerTests.m; sourceTree = "<group>"; };
		96326585198896EB00828ACC /* XYZWebViewController.h */ = {isa = PBXFileReference; fileEncoding = 4; lastKnownFileType = sourcecode.c.h; name = XYZWebViewController.h; path = ../XYZWebViewController.h; sourceTree = "<group>"; };
		96326586198896EB00828ACC /* XYZWebViewController.m */ = {isa = PBXFileReference; fileEncoding = 4; lastKnownFileType = sourcecode.c.objc; name = XYZWebViewController.m; path = ../XYZWebViewController.m; sourceTree = "<group>"; };
		96FE7ED91988672300BA4D91 /* XYZSignUpControllerViewController.h */ = {isa = PBXFileReference; fileEncoding = 4; lastKnownFileType = sourcecode.c.h; path = XYZSignUpControllerViewController.h; sourceTree = "<group>"; };
		96FE7EDA1988672300BA4D91 /* XYZSignUpControllerViewController.m */ = {isa = PBXFileReference; fileEncoding = 4; lastKnownFileType = sourcecode.c.objc; path = XYZSignUpControllerViewController.m; sourceTree = "<group>"; };
		96FE7EDC1988683D00BA4D91 /* XYZLoginViewController.h */ = {isa = PBXFileReference; fileEncoding = 4; lastKnownFileType = sourcecode.c.h; path = XYZLoginViewController.h; sourceTree = "<group>"; };
		96FE7EDD1988683D00BA4D91 /* XYZLoginViewController.m */ = {isa = PBXFileReference; fileEncoding = 4; lastKnownFileType = sourcecode.c.objc; path = XYZLoginViewController.m; sourceTree = "<group>"; };
/* End PBXFileReference section */

/* Begin PBXFrameworksBuildPhase section */
		4CCBFDBD197FF1B700042731 /* Frameworks */ = {
			isa = PBXFrameworksBuildPhase;
			buildActionMask = 2147483647;
			files = (
				4CCBFDC6197FF1B700042731 /* CoreGraphics.framework in Frameworks */,
				4CCBFDC8197FF1B700042731 /* UIKit.framework in Frameworks */,
				4CCBFDC4197FF1B700042731 /* Foundation.framework in Frameworks */,
			);
			runOnlyForDeploymentPostprocessing = 0;
		};
		4CCBFDD8197FF1B800042731 /* Frameworks */ = {
			isa = PBXFrameworksBuildPhase;
			buildActionMask = 2147483647;
			files = (
				4CCBFDDD197FF1B800042731 /* XCTest.framework in Frameworks */,
				4CCBFDDF197FF1B800042731 /* UIKit.framework in Frameworks */,
				4CCBFDDE197FF1B800042731 /* Foundation.framework in Frameworks */,
			);
			runOnlyForDeploymentPostprocessing = 0;
		};
/* End PBXFrameworksBuildPhase section */

/* Begin PBXGroup section */
		4CCBFDB7197FF1B700042731 = {
			isa = PBXGroup;
			children = (
				4CCBFDC9197FF1B700042731 /* TaskTracker */,
				4CCBFDE2197FF1B800042731 /* TaskTrackerTests */,
				4CCBFDC2197FF1B700042731 /* Frameworks */,
				4CCBFDC1197FF1B700042731 /* Products */,
			);
			sourceTree = "<group>";
		};
		4CCBFDC1197FF1B700042731 /* Products */ = {
			isa = PBXGroup;
			children = (
				4CCBFDC0197FF1B700042731 /* TaskTracker.app */,
				4CCBFDDB197FF1B800042731 /* TaskTrackerTests.xctest */,
			);
			name = Products;
			sourceTree = "<group>";
		};
		4CCBFDC2197FF1B700042731 /* Frameworks */ = {
			isa = PBXGroup;
			children = (
				4CCBFDC3197FF1B700042731 /* Foundation.framework */,
				4CCBFDC5197FF1B700042731 /* CoreGraphics.framework */,
				4CCBFDC7197FF1B700042731 /* UIKit.framework */,
				4CCBFDDC197FF1B800042731 /* XCTest.framework */,
			);
			name = Frameworks;
			sourceTree = "<group>";
		};
		4CCBFDC9197FF1B700042731 /* TaskTracker */ = {
			isa = PBXGroup;
			children = (
				96326585198896EB00828ACC /* XYZWebViewController.h */,
				96326586198896EB00828ACC /* XYZWebViewController.m */,
				4CA34E441982ECDF007C3CEA /* Main.storyboard */,
				96FE7EDC1988683D00BA4D91 /* XYZLoginViewController.h */,
				96FE7EDD1988683D00BA4D91 /* XYZLoginViewController.m */,
				96FE7ED91988672300BA4D91 /* XYZSignUpControllerViewController.h */,
				96FE7EDA1988672300BA4D91 /* XYZSignUpControllerViewController.m */,
				4CCBFDD2197FF1B700042731 /* AppDelegate.h */,
				4CCBFDD3197FF1B700042731 /* AppDelegate.m */,
				4C11CC6E1987E6E700AE814D /* Media.xcassets */,
				4CCBFDCA197FF1B700042731 /* Supporting Files */,
			);
			path = TaskTracker;
			sourceTree = "<group>";
		};
		4CCBFDCA197FF1B700042731 /* Supporting Files */ = {
			isa = PBXGroup;
			children = (
				4CCBFDCB197FF1B700042731 /* TaskTracker-Info.plist */,
				4CCBFDCC197FF1B700042731 /* InfoPlist.strings */,
				4CCBFDCF197FF1B700042731 /* main.m */,
				4CCBFDD1197FF1B700042731 /* TaskTracker-Prefix.pch */,
			);
			name = "Supporting Files";
			sourceTree = "<group>";
		};
		4CCBFDE2197FF1B800042731 /* TaskTrackerTests */ = {
			isa = PBXGroup;
			children = (
				4CCBFDE8197FF1B800042731 /* TaskTrackerTests.m */,
				4CCBFDE3197FF1B800042731 /* Supporting Files */,
			);
			path = TaskTrackerTests;
			sourceTree = "<group>";
		};
		4CCBFDE3197FF1B800042731 /* Supporting Files */ = {
			isa = PBXGroup;
			children = (
				4CCBFDE4197FF1B800042731 /* TaskTrackerTests-Info.plist */,
				4CCBFDE5197FF1B800042731 /* InfoPlist.strings */,
			);
			name = "Supporting Files";
			sourceTree = "<group>";
		};
/* End PBXGroup section */

/* Begin PBXNativeTarget section */
		4CCBFDBF197FF1B700042731 /* TaskTracker */ = {
			isa = PBXNativeTarget;
			buildConfigurationList = 4CCBFDEC197FF1B800042731 /* Build configuration list for PBXNativeTarget "TaskTracker" */;
			buildPhases = (
				4CCBFDBC197FF1B700042731 /* Sources */,
				4CCBFDBD197FF1B700042731 /* Frameworks */,
				4CCBFDBE197FF1B700042731 /* Resources */,
			);
			buildRules = (
			);
			dependencies = (
			);
			name = TaskTracker;
			productName = TaskTracker;
			productReference = 4CCBFDC0197FF1B700042731 /* TaskTracker.app */;
			productType = "com.apple.product-type.application";
		};
		4CCBFDDA197FF1B800042731 /* TaskTrackerTests */ = {
			isa = PBXNativeTarget;
			buildConfigurationList = 4CCBFDEF197FF1B800042731 /* Build configuration list for PBXNativeTarget "TaskTrackerTests" */;
			buildPhases = (
				4CCBFDD7197FF1B800042731 /* Sources */,
				4CCBFDD8197FF1B800042731 /* Frameworks */,
				4CCBFDD9197FF1B800042731 /* Resources */,
			);
			buildRules = (
			);
			dependencies = (
				4CCBFDE1197FF1B800042731 /* PBXTargetDependency */,
			);
			name = TaskTrackerTests;
			productName = TaskTrackerTests;
			productReference = 4CCBFDDB197FF1B800042731 /* TaskTrackerTests.xctest */;
			productType = "com.apple.product-type.bundle.unit-test";
		};
/* End PBXNativeTarget section */

/* Begin PBXProject section */
		4CCBFDB8197FF1B700042731 /* Project object */ = {
			isa = PBXProject;
			attributes = {
				LastUpgradeCheck = 0510;
				ORGANIZATIONNAME = "Brigham & Women's Hospital";
				TargetAttributes = {
					4CCBFDBF197FF1B700042731 = {
						DevelopmentTeam = C7M2HT262Z;
						SystemCapabilities = {
							com.apple.DataProtection = {
								enabled = 1;
							};
						};
					};
					4CCBFDDA197FF1B800042731 = {
						TestTargetID = 4CCBFDBF197FF1B700042731;
					};
				};
			};
			buildConfigurationList = 4CCBFDBB197FF1B700042731 /* Build configuration list for PBXProject "TaskTracker" */;
			compatibilityVersion = "Xcode 3.2";
			developmentRegion = English;
			hasScannedForEncodings = 0;
			knownRegions = (
				en,
			);
			mainGroup = 4CCBFDB7197FF1B700042731;
			productRefGroup = 4CCBFDC1197FF1B700042731 /* Products */;
			projectDirPath = "";
			projectRoot = "";
			targets = (
				4CCBFDBF197FF1B700042731 /* TaskTracker */,
				4CCBFDDA197FF1B800042731 /* TaskTrackerTests */,
			);
		};
/* End PBXProject section */

/* Begin PBXResourcesBuildPhase section */
		4CCBFDBE197FF1B700042731 /* Resources */ = {
			isa = PBXResourcesBuildPhase;
			buildActionMask = 2147483647;
			files = (
				4CA34E451982ECDF007C3CEA /* Main.storyboard in Resources */,
				4C11CC6F1987E6E700AE814D /* Media.xcassets in Resources */,
				4CCBFDCE197FF1B700042731 /* InfoPlist.strings in Resources */,
			);
			runOnlyForDeploymentPostprocessing = 0;
		};
		4CCBFDD9197FF1B800042731 /* Resources */ = {
			isa = PBXResourcesBuildPhase;
			buildActionMask = 2147483647;
			files = (
				4CCBFDE7197FF1B800042731 /* InfoPlist.strings in Resources */,
			);
			runOnlyForDeploymentPostprocessing = 0;
		};
/* End PBXResourcesBuildPhase section */

/* Begin PBXSourcesBuildPhase section */
		4CCBFDBC197FF1B700042731 /* Sources */ = {
			isa = PBXSourcesBuildPhase;
			buildActionMask = 2147483647;
			files = (
				4CCBFDD4197FF1B700042731 /* AppDelegate.m in Sources */,
				96326587198896EB00828ACC /* XYZWebViewController.m in Sources */,
				96FE7EDB1988672300BA4D91 /* XYZSignUpControllerViewController.m in Sources */,
				96FE7EDE1988683D00BA4D91 /* XYZLoginViewController.m in Sources */,
				4CCBFDD0197FF1B700042731 /* main.m in Sources */,
			);
			runOnlyForDeploymentPostprocessing = 0;
		};
		4CCBFDD7197FF1B800042731 /* Sources */ = {
			isa = PBXSourcesBuildPhase;
			buildActionMask = 2147483647;
			files = (
				4CCBFDE9197FF1B800042731 /* TaskTrackerTests.m in Sources */,
			);
			runOnlyForDeploymentPostprocessing = 0;
		};
/* End PBXSourcesBuildPhase section */

/* Begin PBXTargetDependency section */
		4CCBFDE1197FF1B800042731 /* PBXTargetDependency */ = {
			isa = PBXTargetDependency;
			target = 4CCBFDBF197FF1B700042731 /* TaskTracker */;
			targetProxy = 4CCBFDE0197FF1B800042731 /* PBXContainerItemProxy */;
		};
/* End PBXTargetDependency section */

/* Begin PBXVariantGroup section */
		4CCBFDCC197FF1B700042731 /* InfoPlist.strings */ = {
			isa = PBXVariantGroup;
			children = (
				4CCBFDCD197FF1B700042731 /* en */,
			);
			name = InfoPlist.strings;
			sourceTree = "<group>";
		};
		4CCBFDE5197FF1B800042731 /* InfoPlist.strings */ = {
			isa = PBXVariantGroup;
			children = (
				4CCBFDE6197FF1B800042731 /* en */,
			);
			name = InfoPlist.strings;
			sourceTree = "<group>";
		};
/* End PBXVariantGroup section */

/* Begin XCBuildConfiguration section */
		4CCBFDEA197FF1B800042731 /* Debug */ = {
			isa = XCBuildConfiguration;
			buildSettings = {
				ALWAYS_SEARCH_USER_PATHS = NO;
				CLANG_CXX_LANGUAGE_STANDARD = "gnu++0x";
				CLANG_CXX_LIBRARY = "libc++";
				CLANG_ENABLE_MODULES = YES;
				CLANG_ENABLE_OBJC_ARC = YES;
				CLANG_WARN_BOOL_CONVERSION = YES;
				CLANG_WARN_CONSTANT_CONVERSION = YES;
				CLANG_WARN_DIRECT_OBJC_ISA_USAGE = YES_ERROR;
				CLANG_WARN_EMPTY_BODY = YES;
				CLANG_WARN_ENUM_CONVERSION = YES;
				CLANG_WARN_INT_CONVERSION = YES;
				CLANG_WARN_OBJC_ROOT_CLASS = YES_ERROR;
				CLANG_WARN__DUPLICATE_METHOD_MATCH = YES;
				"CODE_SIGN_IDENTITY[sdk=iphoneos*]" = "iPhone Developer";
				COPY_PHASE_STRIP = NO;
				GCC_C_LANGUAGE_STANDARD = gnu99;
				GCC_DYNAMIC_NO_PIC = NO;
				GCC_OPTIMIZATION_LEVEL = 0;
				GCC_PREPROCESSOR_DEFINITIONS = (
					"DEBUG=1",
					"$(inherited)",
				);
				GCC_SYMBOLS_PRIVATE_EXTERN = NO;
				GCC_WARN_64_TO_32_BIT_CONVERSION = YES;
				GCC_WARN_ABOUT_RETURN_TYPE = YES_ERROR;
				GCC_WARN_UNDECLARED_SELECTOR = YES;
				GCC_WARN_UNINITIALIZED_AUTOS = YES_AGGRESSIVE;
				GCC_WARN_UNUSED_FUNCTION = YES;
				GCC_WARN_UNUSED_VARIABLE = YES;
				IPHONEOS_DEPLOYMENT_TARGET = 7.1;
				ONLY_ACTIVE_ARCH = YES;
				SDKROOT = iphoneos;
				TARGETED_DEVICE_FAMILY = "1,2";
			};
			name = Debug;
		};
		4CCBFDEB197FF1B800042731 /* Release */ = {
			isa = XCBuildConfiguration;
			buildSettings = {
				ALWAYS_SEARCH_USER_PATHS = NO;
				CLANG_CXX_LANGUAGE_STANDARD = "gnu++0x";
				CLANG_CXX_LIBRARY = "libc++";
				CLANG_ENABLE_MODULES = YES;
				CLANG_ENABLE_OBJC_ARC = YES;
				CLANG_WARN_BOOL_CONVERSION = YES;
				CLANG_WARN_CONSTANT_CONVERSION = YES;
				CLANG_WARN_DIRECT_OBJC_ISA_USAGE = YES_ERROR;
				CLANG_WARN_EMPTY_BODY = YES;
				CLANG_WARN_ENUM_CONVERSION = YES;
				CLANG_WARN_INT_CONVERSION = YES;
				CLANG_WARN_OBJC_ROOT_CLASS = YES_ERROR;
				CLANG_WARN__DUPLICATE_METHOD_MATCH = YES;
				"CODE_SIGN_IDENTITY[sdk=iphoneos*]" = "iPhone Developer";
				COPY_PHASE_STRIP = YES;
				ENABLE_NS_ASSERTIONS = NO;
				GCC_C_LANGUAGE_STANDARD = gnu99;
				GCC_WARN_64_TO_32_BIT_CONVERSION = YES;
				GCC_WARN_ABOUT_RETURN_TYPE = YES_ERROR;
				GCC_WARN_UNDECLARED_SELECTOR = YES;
				GCC_WARN_UNINITIALIZED_AUTOS = YES_AGGRESSIVE;
				GCC_WARN_UNUSED_FUNCTION = YES;
				GCC_WARN_UNUSED_VARIABLE = YES;
				IPHONEOS_DEPLOYMENT_TARGET = 7.1;
				SDKROOT = iphoneos;
				TARGETED_DEVICE_FAMILY = "1,2";
				VALIDATE_PRODUCT = YES;
			};
			name = Release;
		};
		4CCBFDED197FF1B800042731 /* Debug */ = {
			isa = XCBuildConfiguration;
			buildSettings = {
				ASSETCATALOG_COMPILER_APPICON_NAME = AppIcon;
				ASSETCATALOG_COMPILER_LAUNCHIMAGE_NAME = LaunchImage;
				CODE_SIGN_IDENTITY = "iPhone Developer";
				"CODE_SIGN_IDENTITY[sdk=iphoneos*]" = "iPhone Developer";
				GCC_PRECOMPILE_PREFIX_HEADER = YES;
				GCC_PREFIX_HEADER = "TaskTracker/TaskTracker-Prefix.pch";
				INFOPLIST_FILE = "TaskTracker/TaskTracker-Info.plist";
				IPHONEOS_DEPLOYMENT_TARGET = 7.1;
				PRODUCT_NAME = "$(TARGET_NAME)";
				PROVISIONING_PROFILE = "";
				TARGETED_DEVICE_FAMILY = 1;
				WRAPPER_EXTENSION = app;
			};
			name = Debug;
		};
		4CCBFDEE197FF1B800042731 /* Release */ = {
			isa = XCBuildConfiguration;
			buildSettings = {
				ASSETCATALOG_COMPILER_APPICON_NAME = AppIcon;
				ASSETCATALOG_COMPILER_LAUNCHIMAGE_NAME = LaunchImage;
				CODE_SIGN_IDENTITY = "iPhone Developer";
				"CODE_SIGN_IDENTITY[sdk=iphoneos*]" = "iPhone Developer";
				GCC_PRECOMPILE_PREFIX_HEADER = YES;
				GCC_PREFIX_HEADER = "TaskTracker/TaskTracker-Prefix.pch";
				INFOPLIST_FILE = "TaskTracker/TaskTracker-Info.plist";
				IPHONEOS_DEPLOYMENT_TARGET = 7.1;
				PRODUCT_NAME = "$(TARGET_NAME)";
				PROVISIONING_PROFILE = "";
				TARGETED_DEVICE_FAMILY = 1;
				WRAPPER_EXTENSION = app;
			};
			name = Release;
		};
		4CCBFDF0197FF1B800042731 /* Debug */ = {
			isa = XCBuildConfiguration;
			buildSettings = {
				BUNDLE_LOADER = "$(BUILT_PRODUCTS_DIR)/TaskTracker.app/TaskTracker";
				FRAMEWORK_SEARCH_PATHS = (
					"$(SDKROOT)/Developer/Library/Frameworks",
					"$(inherited)",
					"$(DEVELOPER_FRAMEWORKS_DIR)",
				);
				GCC_PRECOMPILE_PREFIX_HEADER = YES;
				GCC_PREFIX_HEADER = "TaskTracker/TaskTracker-Prefix.pch";
				GCC_PREPROCESSOR_DEFINITIONS = (
					"DEBUG=1",
					"$(inherited)",
				);
				INFOPLIST_FILE = "TaskTrackerTests/TaskTrackerTests-Info.plist";
				PRODUCT_NAME = "$(TARGET_NAME)";
				TEST_HOST = "$(BUNDLE_LOADER)";
				WRAPPER_EXTENSION = xctest;
			};
			name = Debug;
		};
		4CCBFDF1197FF1B800042731 /* Release */ = {
			isa = XCBuildConfiguration;
			buildSettings = {
				BUNDLE_LOADER = "$(BUILT_PRODUCTS_DIR)/TaskTracker.app/TaskTracker";
				FRAMEWORK_SEARCH_PATHS = (
					"$(SDKROOT)/Developer/Library/Frameworks",
					"$(inherited)",
					"$(DEVELOPER_FRAMEWORKS_DIR)",
				);
				GCC_PRECOMPILE_PREFIX_HEADER = YES;
				GCC_PREFIX_HEADER = "TaskTracker/TaskTracker-Prefix.pch";
				INFOPLIST_FILE = "TaskTrackerTests/TaskTrackerTests-Info.plist";
				PRODUCT_NAME = "$(TARGET_NAME)";
				TEST_HOST = "$(BUNDLE_LOADER)";
				WRAPPER_EXTENSION = xctest;
			};
			name = Release;
		};
/* End XCBuildConfiguration section */

/* Begin XCConfigurationList section */
		4CCBFDBB197FF1B700042731 /* Build configuration list for PBXProject "TaskTracker" */ = {
			isa = XCConfigurationList;
			buildConfigurations = (
				4CCBFDEA197FF1B800042731 /* Debug */,
				4CCBFDEB197FF1B800042731 /* Release */,
			);
			defaultConfigurationIsVisible = 0;
			defaultConfigurationName = Release;
		};
		4CCBFDEC197FF1B800042731 /* Build configuration list for PBXNativeTarget "TaskTracker" */ = {
			isa = XCConfigurationList;
			buildConfigurations = (
				4CCBFDED197FF1B800042731 /* Debug */,
				4CCBFDEE197FF1B800042731 /* Release */,
			);
			defaultConfigurationIsVisible = 0;
			defaultConfigurationName = Release;
		};
		4CCBFDEF197FF1B800042731 /* Build configuration list for PBXNativeTarget "TaskTrackerTests" */ = {
			isa = XCConfigurationList;
			buildConfigurations = (
				4CCBFDF0197FF1B800042731 /* Debug */,
				4CCBFDF1197FF1B800042731 /* Release */,
			);
			defaultConfigurationIsVisible = 0;
			defaultConfigurationName = Release;
		};
/* End XCConfigurationList section */
	};
	rootObject = 4CCBFDB8197FF1B700042731 /* Project object */;
}
